
Microsoft Visual Studio Solution File, Format Version 12.00
# Visual Studio Version 17
VisualStudioVersion = 17.3.32929.385
MinimumVisualStudioVersion = 10.0.40219.1
Project("{FAE04EC0-301F-11D3-BF4B-00C04F79EFBC}") = "Task1", "Task1\Task1.csproj", "{85D277A3-6B4C-480D-BA0D-9FFED91E6DD8}"
EndProject
Global
	GlobalSection(SolutionConfigurationPlatforms) = preSolution
		Debug|Any CPU = Debug|Any CPU
		Release|Any CPU = Release|Any CPU
	EndGlobalSection
	GlobalSection(ProjectConfigurationPlatforms) = postSolution
		{85D277A3-6B4C-480D-BA0D-9FFED91E6DD8}.Debug|Any CPU.ActiveCfg = Debug|Any CPU
		{85D277A3-6B4C-480D-BA0D-9FFED91E6DD8}.Debug|Any CPU.Build.0 = Debug|Any CPU
		{85D277A3-6B4C-480D-BA0D-9FFED91E6DD8}.Release|Any CPU.ActiveCfg = Release|Any CPU
		{85D277A3-6B4C-480D-BA0D-9FFED91E6DD8}.Release|Any CPU.Build.0 = Release|Any CPU
	EndGlobalSection
	GlobalSection(SolutionProperties) = preSolution
		HideSolutionNode = FALSE
	EndGlobalSection
	GlobalSection(ExtensibilityGlobals) = postSolution
		SolutionGuid = {A02B3240-56FB-4911-A9EA-C01BE885CDF8}
	EndGlobalSection
EndGlobal
